// !$*UTF8*$!
{
	archiveVersion = 1;
	classes = {
	};
	objectVersion = 50;
	objects = {

/* Begin PBXBuildFile section */
		774523F1240563B80022EDBE /* AppDelegate.swift in Sources */ = {isa = PBXBuildFile; fileRef = 774523F0240563B80022EDBE /* AppDelegate.swift */; };
		774523F3240563B80022EDBE /* SceneDelegate.swift in Sources */ = {isa = PBXBuildFile; fileRef = 774523F2240563B80022EDBE /* SceneDelegate.swift */; };
		774523F5240563B80022EDBE /* ContentView.swift in Sources */ = {isa = PBXBuildFile; fileRef = 774523F4240563B80022EDBE /* ContentView.swift */; };
		774523F7240563BA0022EDBE /* Assets.xcassets in Resources */ = {isa = PBXBuildFile; fileRef = 774523F6240563BA0022EDBE /* Assets.xcassets */; };
		774523FA240563BA0022EDBE /* Preview Assets.xcassets in Resources */ = {isa = PBXBuildFile; fileRef = 774523F9240563BA0022EDBE /* Preview Assets.xcassets */; };
		774523FD240563BA0022EDBE /* LaunchScreen.storyboard in Resources */ = {isa = PBXBuildFile; fileRef = 774523FB240563BA0022EDBE /* LaunchScreen.storyboard */; };
		77452405240567160022EDBE /* Card.swift in Sources */ = {isa = PBXBuildFile; fileRef = 77452404240567160022EDBE /* Card.swift */; };
		774524072405765A0022EDBE /* RefreshableScrollView.swift in Sources */ = {isa = PBXBuildFile; fileRef = 774524062405765A0022EDBE /* RefreshableScrollView.swift */; };
/* End PBXBuildFile section */

/* Begin PBXFileReference section */
		774523ED240563B80022EDBE /* PulltoRefresh.app */ = {isa = PBXFileReference; explicitFileType = wrapper.application; includeInIndex = 0; path = PulltoRefresh.app; sourceTree = BUILT_PRODUCTS_DIR; };
		774523F0240563B80022EDBE /* AppDelegate.swift */ = {isa = PBXFileReference; lastKnownFileType = sourcecode.swift; path = AppDelegate.swift; sourceTree = "<group>"; };
		774523F2240563B80022EDBE /* SceneDelegate.swift */ = {isa = PBXFileReference; lastKnownFileType = sourcecode.swift; path = SceneDelegate.swift; sourceTree = "<group>"; };
		774523F4240563B80022EDBE /* ContentView.swift */ = {isa = PBXFileReference; lastKnownFileType = sourcecode.swift; path = ContentView.swift; sourceTree = "<group>"; };
		774523F6240563BA0022EDBE /* Assets.xcassets */ = {isa = PBXFileReference; lastKnownFileType = folder.assetcatalog; path = Assets.xcassets; sourceTree = "<group>"; };
		774523F9240563BA0022EDBE /* Preview Assets.xcassets */ = {isa = PBXFileReference; lastKnownFileType = folder.assetcatalog; path = "Preview Assets.xcassets"; sourceTree = "<group>"; };
		774523FC240563BA0022EDBE /* Base */ = {isa = PBXFileReference; lastKnownFileType = file.storyboard; name = Base; path = Base.lproj/LaunchScreen.storyboard; sourceTree = "<group>"; };
		774523FE240563BA0022EDBE /* Info.plist */ = {isa = PBXFileReference; lastKnownFileType = text.plist.xml; path = Info.plist; sourceTree = "<group>"; };
		77452404240567160022EDBE /* Card.swift */ = {isa = PBXFileReference; lastKnownFileType = sourcecode.swift; path = Card.swift; sourceTree = "<group>"; };
		774524062405765A0022EDBE /* RefreshableScrollView.swift */ = {isa = PBXFileReference; lastKnownFileType = sourcecode.swift; path = RefreshableScrollView.swift; sourceTree = "<group>"; };
/* End PBXFileReference section */

/* Begin PBXFrameworksBuildPhase section */
		774523EA240563B80022EDBE /* Frameworks */ = {
			isa = PBXFrameworksBuildPhase;
			buildActionMask = 2147483647;
			files = (
			);
			runOnlyForDeploymentPostprocessing = 0;
		};
/* End PBXFrameworksBuildPhase section */

/* Begin PBXGroup section */
		774523E4240563B80022EDBE = {
			isa = PBXGroup;
			children = (
				774523EF240563B80022EDBE /* PulltoRefresh */,
				774523EE240563B80022EDBE /* Products */,
			);
			sourceTree = "<group>";
		};
		774523EE240563B80022EDBE /* Products */ = {
			isa = PBXGroup;
			children = (
				774523ED240563B80022EDBE /* PulltoRefresh.app */,
			);
			name = Products;
			sourceTree = "<group>";
		};
		774523EF240563B80022EDBE /* PulltoRefresh */ = {
			isa = PBXGroup;
			children = (
				774523F0240563B80022EDBE /* AppDelegate.swift */,
				774524062405765A0022EDBE /* RefreshableScrollView.swift */,
				77452404240567160022EDBE /* Card.swift */,
				774523F2240563B80022EDBE /* SceneDelegate.swift */,
				774523F4240563B80022EDBE /* ContentView.swift */,
				774523F6240563BA0022EDBE /* Assets.xcassets */,
				774523FB240563BA0022EDBE /* LaunchScreen.storyboard */,
				774523FE240563BA0022EDBE /* Info.plist */,
				774523F8240563BA0022EDBE /* Preview Content */,
			);
			path = PulltoRefresh;
			sourceTree = "<group>";
		};
		774523F8240563BA0022EDBE /* Preview Content */ = {
			isa = PBXGroup;
			children = (
				774523F9240563BA0022EDBE /* Preview Assets.xcassets */,
			);
			path = "Preview Content";
			sourceTree = "<group>";
		};
/* End PBXGroup section */

/* Begin PBXNativeTarget section */
		774523EC240563B80022EDBE /* PulltoRefresh */ = {
			isa = PBXNativeTarget;
			buildConfigurationList = 77452401240563BA0022EDBE /* Build configuration list for PBXNativeTarget "PulltoRefresh" */;
			buildPhases = (
				774523E9240563B80022EDBE /* Sources */,
				774523EA240563B80022EDBE /* Frameworks */,
				774523EB240563B80022EDBE /* Resources */,
			);
			buildRules = (
			);
			dependencies = (
			);
			name = PulltoRefresh;
			productName = PulltoRefresh;
			productReference = 774523ED240563B80022EDBE /* PulltoRefresh.app */;
			productType = "com.apple.product-type.application";
		};
/* End PBXNativeTarget section */

/* Begin PBXProject section */
		774523E5240563B80022EDBE /* Project object */ = {
			isa = PBXProject;
			attributes = {
				LastSwiftUpdateCheck = 1130;
				LastUpgradeCheck = 1130;
				ORGANIZATIONNAME = "Vishnu Ravi";
				TargetAttributes = {
					774523EC240563B80022EDBE = {
						CreatedOnToolsVersion = 11.3.1;
					};
				};
			};
			buildConfigurationList = 774523E8240563B80022EDBE /* Build configuration list for PBXProject "PulltoRefresh" */;
			compatibilityVersion = "Xcode 9.3";
			developmentRegion = en;
			hasScannedForEncodings = 0;
			knownRegions = (
				en,
				Base,
			);
			mainGroup = 774523E4240563B80022EDBE;
			productRefGroup = 774523EE240563B80022EDBE /* Products */;
			projectDirPath = "";
			projectRoot = "";
			targets = (
				774523EC240563B80022EDBE /* PulltoRefresh */,
			);
		};
/* End PBXProject section */

/* Begin PBXResourcesBuildPhase section */
		774523EB240563B80022EDBE /* Resources */ = {
			isa = PBXResourcesBuildPhase;
			buildActionMask = 2147483647;
			files = (
				774523FD240563BA0022EDBE /* LaunchScreen.storyboard in Resources */,
				774523FA240563BA0022EDBE /* Preview Assets.xcassets in Resources */,
				774523F7240563BA0022EDBE /* Assets.xcassets in Resources */,
			);
			runOnlyForDeploymentPostprocessing = 0;
		};
/* End PBXResourcesBuildPhase section */

/* Begin PBXSourcesBuildPhase section */
		774523E9240563B80022EDBE /* Sources */ = {
			isa = PBXSourcesBuildPhase;
			buildActionMask = 2147483647;
			files = (
				774523F1240563B80022EDBE /* AppDelegate.swift in Sources */,
				774523F3240563B80022EDBE /* SceneDelegate.swift in Sources */,
				774523F5240563B80022EDBE /* ContentView.swift in Sources */,
				77452405240567160022EDBE /* Card.swift in Sources */,
				774524072405765A0022EDBE /* RefreshableScrollView.swift in Sources */,
			);
			runOnlyForDeploymentPostprocessing = 0;
		};
/* End PBXSourcesBuildPhase section */

/* Begin PBXVariantGroup section */
		774523FB240563BA0022EDBE /* LaunchScreen.storyboard */ = {
			isa = PBXVariantGroup;
			children = (
				774523FC240563BA0022EDBE /* Base */,
			);
			name = LaunchScreen.storyboard;
			sourceTree = "<group>";
		};
/* End PBXVariantGroup section */

/* Begin XCBuildConfiguration section */
		774523FF240563BA0022EDBE /* Debug */ = {
			isa = XCBuildConfiguration;
			buildSettings = {
				ALWAYS_SEARCH_USER_PATHS = NO;
				CLANG_ANALYZER_NONNULL = YES;
				CLANG_ANALYZER_NUMBER_OBJECT_CONVERSION = YES_AGGRESSIVE;
				CLANG_CXX_LANGUAGE_STANDARD = "gnu++14";
				CLANG_CXX_LIBRARY = "libc++";
				CLANG_ENABLE_MODULES = YES;
				CLANG_ENABLE_OBJC_ARC = YES;
				CLANG_ENABLE_OBJC_WEAK = YES;
				CLANG_WARN_BLOCK_CAPTURE_AUTORELEASING = YES;
				CLANG_WARN_BOOL_CONVERSION = YES;
				CLANG_WARN_COMMA = YES;
				CLANG_WARN_CONSTANT_CONVERSION = YES;
				CLANG_WARN_DEPRECATED_OBJC_IMPLEMENTATIONS = YES;
				CLANG_WARN_DIRECT_OBJC_ISA_USAGE = YES_ERROR;
				CLANG_WARN_DOCUMENTATION_COMMENTS = YES;
				CLANG_WARN_EMPTY_BODY = YES;
				CLANG_WARN_ENUM_CONVERSION = YES;
				CLANG_WARN_INFINITE_RECURSION = YES;
				CLANG_WARN_INT_CONVERSION = YES;
				CLANG_WARN_NON_LITERAL_NULL_CONVERSION = YES;
				CLANG_WARN_OBJC_IMPLICIT_RETAIN_SELF = YES;
				CLANG_WARN_OBJC_LITERAL_CONVERSION = YES;
				CLANG_WARN_OBJC_ROOT_CLASS = YES_ERROR;
				CLANG_WARN_RANGE_LOOP_ANALYSIS = YES;
				CLANG_WARN_STRICT_PROTOTYPES = YES;
				CLANG_WARN_SUSPICIOUS_MOVE = YES;
				CLANG_WARN_UNGUARDED_AVAILABILITY = YES_AGGRESSIVE;
				CLANG_WARN_UNREACHABLE_CODE = YES;
				CLANG_WARN__DUPLICATE_METHOD_MATCH = YES;
				COPY_PHASE_STRIP = NO;
				DEBUG_INFORMATION_FORMAT = dwarf;
				ENABLE_STRICT_OBJC_MSGSEND = YES;
				ENABLE_TESTABILITY = YES;
				GCC_C_LANGUAGE_STANDARD = gnu11;
				GCC_DYNAMIC_NO_PIC = NO;
				GCC_NO_COMMON_BLOCKS = YES;
				GCC_OPTIMIZATION_LEVEL = 0;
				GCC_PREPROCESSOR_DEFINITIONS = (
					"DEBUG=1",
					"$(inherited)",
				);
				GCC_WARN_64_TO_32_BIT_CONVERSION = YES;
				GCC_WARN_ABOUT_RETURN_TYPE = YES_ERROR;
				GCC_WARN_UNDECLARED_SELECTOR = YES;
				GCC_WARN_UNINITIALIZED_AUTOS = YES_AGGRESSIVE;
				GCC_WARN_UNUSED_FUNCTION = YES;
				GCC_WARN_UNUSED_VARIABLE = YES;
				IPHONEOS_DEPLOYMENT_TARGET = 13.2;
				MTL_ENABLE_DEBUG_INFO = INCLUDE_SOURCE;
				MTL_FAST_MATH = YES;
				ONLY_ACTIVE_ARCH = YES;
				SDKROOT = iphoneos;
				SWIFT_ACTIVE_COMPILATION_CONDITIONS = DEBUG;
				SWIFT_OPTIMIZATION_LEVEL = "-Onone";
			};
			name = Debug;
		};
		77452400240563BA0022EDBE /* Release */ = {
			isa = XCBuildConfiguration;
			buildSettings = {
				ALWAYS_SEARCH_USER_PATHS = NO;
				CLANG_ANALYZER_NONNULL = YES;
				CLANG_ANALYZER_NUMBER_OBJECT_CONVERSION = YES_AGGRESSIVE;
				CLANG_CXX_LANGUAGE_STANDARD = "gnu++14";
				CLANG_CXX_LIBRARY = "libc++";
				CLANG_ENABLE_MODULES = YES;
				CLANG_ENABLE_OBJC_ARC = YES;
				CLANG_ENABLE_OBJC_WEAK = YES;
				CLANG_WARN_BLOCK_CAPTURE_AUTORELEASING = YES;
				CLANG_WARN_BOOL_CONVERSION = YES;
				CLANG_WARN_COMMA = YES;
				CLANG_WARN_CONSTANT_CONVERSION = YES;
				CLANG_WARN_DEPRECATED_OBJC_IMPLEMENTATIONS = YES;
				CLANG_WARN_DIRECT_OBJC_ISA_USAGE = YES_ERROR;
				CLANG_WARN_DOCUMENTATION_COMMENTS = YES;
				CLANG_WARN_EMPTY_BODY = YES;
				CLANG_WARN_ENUM_CONVERSION = YES;
				CLANG_WARN_INFINITE_RECURSION = YES;
				CLANG_WARN_INT_CONVERSION = YES;
				CLANG_WARN_NON_LITERAL_NULL_CONVERSION = YES;
				CLANG_WARN_OBJC_IMPLICIT_RETAIN_SELF = YES;
				CLANG_WARN_OBJC_LITERAL_CONVERSION = YES;
				CLANG_WARN_OBJC_ROOT_CLASS = YES_ERROR;
				CLANG_WARN_RANGE_LOOP_ANALYSIS = YES;
				CLANG_WARN_STRICT_PROTOTYPES = YES;
				CLANG_WARN_SUSPICIOUS_MOVE = YES;
				CLANG_WARN_UNGUARDED_AVAILABILITY = YES_AGGRESSIVE;
				CLANG_WARN_UNREACHABLE_CODE = YES;
				CLANG_WARN__DUPLICATE_METHOD_MATCH = YES;
				COPY_PHASE_STRIP = NO;
				DEBUG_INFORMATION_FORMAT = "dwarf-with-dsym";
				ENABLE_NS_ASSERTIONS = NO;
				ENABLE_STRICT_OBJC_MSGSEND = YES;
				GCC_C_LANGUAGE_STANDARD = gnu11;
				GCC_NO_COMMON_BLOCKS = YES;
				GCC_WARN_64_TO_32_BIT_CONVERSION = YES;
				GCC_WARN_ABOUT_RETURN_TYPE = YES_ERROR;
				GCC_WARN_UNDECLARED_SELECTOR = YES;
				GCC_WARN_UNINITIALIZED_AUTOS = YES_AGGRESSIVE;
				GCC_WARN_UNUSED_FUNCTION = YES;
				GCC_WARN_UNUSED_VARIABLE = YES;
				IPHONEOS_DEPLOYMENT_TARGET = 13.2;
				MTL_ENABLE_DEBUG_INFO = NO;
				MTL_FAST_MATH = YES;
				SDKROOT = iphoneos;
				SWIFT_COMPILATION_MODE = wholemodule;
				SWIFT_OPTIMIZATION_LEVEL = "-O";
				VALIDATE_PRODUCT = YES;
			};
			name = Release;
		};
		77452402240563BA0022EDBE /* Debug */ = {
			isa = XCBuildConfiguration;
			buildSettings = {
				ASSETCATALOG_COMPILER_APPICON_NAME = AppIcon;
				CODE_SIGN_STYLE = Automatic;
				DEVELOPMENT_ASSET_PATHS = "\"PulltoRefresh/Preview Content\"";
				ENABLE_PREVIEWS = YES;
				INFOPLIST_FILE = PulltoRefresh/Info.plist;
				LD_RUNPATH_SEARCH_PATHS = (
					"$(inherited)",
					"@executable_path/Frameworks",
				);
				PRODUCT_BUNDLE_IDENTIFIER = com.vishnuravi.PulltoRefresh;
				PRODUCT_NAME = "$(TARGET_NAME)";
				SWIFT_VERSION = 5.0;
				TARGETED_DEVICE_FAMILY = "1,2";
			};
			name = Debug;
		};
		77452403240563BA0022EDBE /* Release */ = {
			isa = XCBuildConfiguration;
			buildSettings = {
				ASSETCATALOG_COMPILER_APPICON_NAME = AppIcon;
				CODE_SIGN_STYLE = Automatic;
				DEVELOPMENT_ASSET_PATHS = "\"PulltoRefresh/Preview Content\"";
				ENABLE_PREVIEWS = YES;
				INFOPLIST_FILE = PulltoRefresh/Info.plist;
				LD_RUNPATH_SEARCH_PATHS = (
					"$(inherited)",
					"@executable_path/Frameworks",
				);
				PRODUCT_BUNDLE_IDENTIFIER = com.vishnuravi.PulltoRefresh;
				PRODUCT_NAME = "$(TARGET_NAME)";
				SWIFT_VERSION = 5.0;
				TARGETED_DEVICE_FAMILY = "1,2";
			};
			name = Release;
		};
/* End XCBuildConfiguration section */

/* Begin XCConfigurationList section */
		774523E8240563B80022EDBE /* Build configuration list for PBXProject "PulltoRefresh" */ = {
			isa = XCConfigurationList;
			buildConfigurations = (
				774523FF240563BA0022EDBE /* Debug */,
				77452400240563BA0022EDBE /* Release */,
			);
			defaultConfigurationIsVisible = 0;
			defaultConfigurationName = Release;
		};
		77452401240563BA0022EDBE /* Build configuration list for PBXNativeTarget "PulltoRefresh" */ = {
			isa = XCConfigurationList;
			buildConfigurations = (
				77452402240563BA0022EDBE /* Debug */,
				77452403240563BA0022EDBE /* Release */,
			);
			defaultConfigurationIsVisible = 0;
			defaultConfigurationName = Release;
		};
/* End XCConfigurationList section */
	};
	rootObject = 774523E5240563B80022EDBE /* Project object */;
}
