// !$*UTF8*$!
{
	archiveVersion = 1;
	classes = {
	};
	objectVersion = 50;
	objects = {

/* Begin PBXBuildFile section */
		77FD7C3C2457AE8200AFB429 /* AppDelegate.swift in Sources */ = {isa = PBXBuildFile; fileRef = 77FD7C3B2457AE8200AFB429 /* AppDelegate.swift */; };
		77FD7C3E2457AE8200AFB429 /* SceneDelegate.swift in Sources */ = {isa = PBXBuildFile; fileRef = 77FD7C3D2457AE8200AFB429 /* SceneDelegate.swift */; };
		77FD7C402457AE8200AFB429 /* ContentView.swift in Sources */ = {isa = PBXBuildFile; fileRef = 77FD7C3F2457AE8200AFB429 /* ContentView.swift */; };
		77FD7C422457AE8400AFB429 /* Assets.xcassets in Resources */ = {isa = PBXBuildFile; fileRef = 77FD7C412457AE8400AFB429 /* Assets.xcassets */; };
		77FD7C452457AE8400AFB429 /* Preview Assets.xcassets in Resources */ = {isa = PBXBuildFile; fileRef = 77FD7C442457AE8400AFB429 /* Preview Assets.xcassets */; };
		77FD7C482457AE8400AFB429 /* LaunchScreen.storyboard in Resources */ = {isa = PBXBuildFile; fileRef = 77FD7C462457AE8400AFB429 /* LaunchScreen.storyboard */; };
/* End PBXBuildFile section */

/* Begin PBXFileReference section */
		77FD7C382457AE8200AFB429 /* CustomHaptics.app */ = {isa = PBXFileReference; explicitFileType = wrapper.application; includeInIndex = 0; path = CustomHaptics.app; sourceTree = BUILT_PRODUCTS_DIR; };
		77FD7C3B2457AE8200AFB429 /* AppDelegate.swift */ = {isa = PBXFileReference; lastKnownFileType = sourcecode.swift; path = AppDelegate.swift; sourceTree = "<group>"; };
		77FD7C3D2457AE8200AFB429 /* SceneDelegate.swift */ = {isa = PBXFileReference; lastKnownFileType = sourcecode.swift; path = SceneDelegate.swift; sourceTree = "<group>"; };
		77FD7C3F2457AE8200AFB429 /* ContentView.swift */ = {isa = PBXFileReference; lastKnownFileType = sourcecode.swift; path = ContentView.swift; sourceTree = "<group>"; };
		77FD7C412457AE8400AFB429 /* Assets.xcassets */ = {isa = PBXFileReference; lastKnownFileType = folder.assetcatalog; path = Assets.xcassets; sourceTree = "<group>"; };
		77FD7C442457AE8400AFB429 /* Preview Assets.xcassets */ = {isa = PBXFileReference; lastKnownFileType = folder.assetcatalog; path = "Preview Assets.xcassets"; sourceTree = "<group>"; };
		77FD7C472457AE8400AFB429 /* Base */ = {isa = PBXFileReference; lastKnownFileType = file.storyboard; name = Base; path = Base.lproj/LaunchScreen.storyboard; sourceTree = "<group>"; };
		77FD7C492457AE8400AFB429 /* Info.plist */ = {isa = PBXFileReference; lastKnownFileType = text.plist.xml; path = Info.plist; sourceTree = "<group>"; };
/* End PBXFileReference section */

/* Begin PBXFrameworksBuildPhase section */
		77FD7C352457AE8200AFB429 /* Frameworks */ = {
			isa = PBXFrameworksBuildPhase;
			buildActionMask = 2147483647;
			files = (
			);
			runOnlyForDeploymentPostprocessing = 0;
		};
/* End PBXFrameworksBuildPhase section */

/* Begin PBXGroup section */
		77FD7C2F2457AE8200AFB429 = {
			isa = PBXGroup;
			children = (
				77FD7C3A2457AE8200AFB429 /* CustomHaptics */,
				77FD7C392457AE8200AFB429 /* Products */,
			);
			sourceTree = "<group>";
		};
		77FD7C392457AE8200AFB429 /* Products */ = {
			isa = PBXGroup;
			children = (
				77FD7C382457AE8200AFB429 /* CustomHaptics.app */,
			);
			name = Products;
			sourceTree = "<group>";
		};
		77FD7C3A2457AE8200AFB429 /* CustomHaptics */ = {
			isa = PBXGroup;
			children = (
				77FD7C3B2457AE8200AFB429 /* AppDelegate.swift */,
				77FD7C3D2457AE8200AFB429 /* SceneDelegate.swift */,
				77FD7C3F2457AE8200AFB429 /* ContentView.swift */,
				77FD7C412457AE8400AFB429 /* Assets.xcassets */,
				77FD7C462457AE8400AFB429 /* LaunchScreen.storyboard */,
				77FD7C492457AE8400AFB429 /* Info.plist */,
				77FD7C432457AE8400AFB429 /* Preview Content */,
			);
			path = CustomHaptics;
			sourceTree = "<group>";
		};
		77FD7C432457AE8400AFB429 /* Preview Content */ = {
			isa = PBXGroup;
			children = (
				77FD7C442457AE8400AFB429 /* Preview Assets.xcassets */,
			);
			path = "Preview Content";
			sourceTree = "<group>";
		};
/* End PBXGroup section */

/* Begin PBXNativeTarget section */
		77FD7C372457AE8200AFB429 /* CustomHaptics */ = {
			isa = PBXNativeTarget;
			buildConfigurationList = 77FD7C4C2457AE8400AFB429 /* Build configuration list for PBXNativeTarget "CustomHaptics" */;
			buildPhases = (
				77FD7C342457AE8200AFB429 /* Sources */,
				77FD7C352457AE8200AFB429 /* Frameworks */,
				77FD7C362457AE8200AFB429 /* Resources */,
			);
			buildRules = (
			);
			dependencies = (
			);
			name = CustomHaptics;
			productName = CustomHaptics;
			productReference = 77FD7C382457AE8200AFB429 /* CustomHaptics.app */;
			productType = "com.apple.product-type.application";
		};
/* End PBXNativeTarget section */

/* Begin PBXProject section */
		77FD7C302457AE8200AFB429 /* Project object */ = {
			isa = PBXProject;
			attributes = {
				LastSwiftUpdateCheck = 1140;
				LastUpgradeCheck = 1140;
				ORGANIZATIONNAME = "Vishnu Ravi";
				TargetAttributes = {
					77FD7C372457AE8200AFB429 = {
						CreatedOnToolsVersion = 11.4.1;
					};
				};
			};
			buildConfigurationList = 77FD7C332457AE8200AFB429 /* Build configuration list for PBXProject "CustomHaptics" */;
			compatibilityVersion = "Xcode 9.3";
			developmentRegion = en;
			hasScannedForEncodings = 0;
			knownRegions = (
				en,
				Base,
			);
			mainGroup = 77FD7C2F2457AE8200AFB429;
			productRefGroup = 77FD7C392457AE8200AFB429 /* Products */;
			projectDirPath = "";
			projectRoot = "";
			targets = (
				77FD7C372457AE8200AFB429 /* CustomHaptics */,
			);
		};
/* End PBXProject section */

/* Begin PBXResourcesBuildPhase section */
		77FD7C362457AE8200AFB429 /* Resources */ = {
			isa = PBXResourcesBuildPhase;
			buildActionMask = 2147483647;
			files = (
				77FD7C482457AE8400AFB429 /* LaunchScreen.storyboard in Resources */,
				77FD7C452457AE8400AFB429 /* Preview Assets.xcassets in Resources */,
				77FD7C422457AE8400AFB429 /* Assets.xcassets in Resources */,
			);
			runOnlyForDeploymentPostprocessing = 0;
		};
/* End PBXResourcesBuildPhase section */

/* Begin PBXSourcesBuildPhase section */
		77FD7C342457AE8200AFB429 /* Sources */ = {
			isa = PBXSourcesBuildPhase;
			buildActionMask = 2147483647;
			files = (
				77FD7C3C2457AE8200AFB429 /* AppDelegate.swift in Sources */,
				77FD7C3E2457AE8200AFB429 /* SceneDelegate.swift in Sources */,
				77FD7C402457AE8200AFB429 /* ContentView.swift in Sources */,
			);
			runOnlyForDeploymentPostprocessing = 0;
		};
/* End PBXSourcesBuildPhase section */

/* Begin PBXVariantGroup section */
		77FD7C462457AE8400AFB429 /* LaunchScreen.storyboard */ = {
			isa = PBXVariantGroup;
			children = (
				77FD7C472457AE8400AFB429 /* Base */,
			);
			name = LaunchScreen.storyboard;
			sourceTree = "<group>";
		};
/* End PBXVariantGroup section */

/* Begin XCBuildConfiguration section */
		77FD7C4A2457AE8400AFB429 /* Debug */ = {
			isa = XCBuildConfiguration;
			buildSettings = {
				ALWAYS_SEARCH_USER_PATHS = NO;
				CLANG_ANALYZER_NONNULL = YES;
				CLANG_ANALYZER_NUMBER_OBJECT_CONVERSION = YES_AGGRESSIVE;
				CLANG_CXX_LANGUAGE_STANDARD = "gnu++14";
				CLANG_CXX_LIBRARY = "libc++";
				CLANG_ENABLE_MODULES = YES;
				CLANG_ENABLE_OBJC_ARC = YES;
				CLANG_ENABLE_OBJC_WEAK = YES;
				CLANG_WARN_BLOCK_CAPTURE_AUTORELEASING = YES;
				CLANG_WARN_BOOL_CONVERSION = YES;
				CLANG_WARN_COMMA = YES;
				CLANG_WARN_CONSTANT_CONVERSION = YES;
				CLANG_WARN_DEPRECATED_OBJC_IMPLEMENTATIONS = YES;
				CLANG_WARN_DIRECT_OBJC_ISA_USAGE = YES_ERROR;
				CLANG_WARN_DOCUMENTATION_COMMENTS = YES;
				CLANG_WARN_EMPTY_BODY = YES;
				CLANG_WARN_ENUM_CONVERSION = YES;
				CLANG_WARN_INFINITE_RECURSION = YES;
				CLANG_WARN_INT_CONVERSION = YES;
				CLANG_WARN_NON_LITERAL_NULL_CONVERSION = YES;
				CLANG_WARN_OBJC_IMPLICIT_RETAIN_SELF = YES;
				CLANG_WARN_OBJC_LITERAL_CONVERSION = YES;
				CLANG_WARN_OBJC_ROOT_CLASS = YES_ERROR;
				CLANG_WARN_RANGE_LOOP_ANALYSIS = YES;
				CLANG_WARN_STRICT_PROTOTYPES = YES;
				CLANG_WARN_SUSPICIOUS_MOVE = YES;
				CLANG_WARN_UNGUARDED_AVAILABILITY = YES_AGGRESSIVE;
				CLANG_WARN_UNREACHABLE_CODE = YES;
				CLANG_WARN__DUPLICATE_METHOD_MATCH = YES;
				COPY_PHASE_STRIP = NO;
				DEBUG_INFORMATION_FORMAT = dwarf;
				ENABLE_STRICT_OBJC_MSGSEND = YES;
				ENABLE_TESTABILITY = YES;
				GCC_C_LANGUAGE_STANDARD = gnu11;
				GCC_DYNAMIC_NO_PIC = NO;
				GCC_NO_COMMON_BLOCKS = YES;
				GCC_OPTIMIZATION_LEVEL = 0;
				GCC_PREPROCESSOR_DEFINITIONS = (
					"DEBUG=1",
					"$(inherited)",
				);
				GCC_WARN_64_TO_32_BIT_CONVERSION = YES;
				GCC_WARN_ABOUT_RETURN_TYPE = YES_ERROR;
				GCC_WARN_UNDECLARED_SELECTOR = YES;
				GCC_WARN_UNINITIALIZED_AUTOS = YES_AGGRESSIVE;
				GCC_WARN_UNUSED_FUNCTION = YES;
				GCC_WARN_UNUSED_VARIABLE = YES;
				IPHONEOS_DEPLOYMENT_TARGET = 13.4;
				MTL_ENABLE_DEBUG_INFO = INCLUDE_SOURCE;
				MTL_FAST_MATH = YES;
				ONLY_ACTIVE_ARCH = YES;
				SDKROOT = iphoneos;
				SWIFT_ACTIVE_COMPILATION_CONDITIONS = DEBUG;
				SWIFT_OPTIMIZATION_LEVEL = "-Onone";
			};
			name = Debug;
		};
		77FD7C4B2457AE8400AFB429 /* Release */ = {
			isa = XCBuildConfiguration;
			buildSettings = {
				ALWAYS_SEARCH_USER_PATHS = NO;
				CLANG_ANALYZER_NONNULL = YES;
				CLANG_ANALYZER_NUMBER_OBJECT_CONVERSION = YES_AGGRESSIVE;
				CLANG_CXX_LANGUAGE_STANDARD = "gnu++14";
				CLANG_CXX_LIBRARY = "libc++";
				CLANG_ENABLE_MODULES = YES;
				CLANG_ENABLE_OBJC_ARC = YES;
				CLANG_ENABLE_OBJC_WEAK = YES;
				CLANG_WARN_BLOCK_CAPTURE_AUTORELEASING = YES;
				CLANG_WARN_BOOL_CONVERSION = YES;
				CLANG_WARN_COMMA = YES;
				CLANG_WARN_CONSTANT_CONVERSION = YES;
				CLANG_WARN_DEPRECATED_OBJC_IMPLEMENTATIONS = YES;
				CLANG_WARN_DIRECT_OBJC_ISA_USAGE = YES_ERROR;
				CLANG_WARN_DOCUMENTATION_COMMENTS = YES;
				CLANG_WARN_EMPTY_BODY = YES;
				CLANG_WARN_ENUM_CONVERSION = YES;
				CLANG_WARN_INFINITE_RECURSION = YES;
				CLANG_WARN_INT_CONVERSION = YES;
				CLANG_WARN_NON_LITERAL_NULL_CONVERSION = YES;
				CLANG_WARN_OBJC_IMPLICIT_RETAIN_SELF = YES;
				CLANG_WARN_OBJC_LITERAL_CONVERSION = YES;
				CLANG_WARN_OBJC_ROOT_CLASS = YES_ERROR;
				CLANG_WARN_RANGE_LOOP_ANALYSIS = YES;
				CLANG_WARN_STRICT_PROTOTYPES = YES;
				CLANG_WARN_SUSPICIOUS_MOVE = YES;
				CLANG_WARN_UNGUARDED_AVAILABILITY = YES_AGGRESSIVE;
				CLANG_WARN_UNREACHABLE_CODE = YES;
				CLANG_WARN__DUPLICATE_METHOD_MATCH = YES;
				COPY_PHASE_STRIP = NO;
				DEBUG_INFORMATION_FORMAT = "dwarf-with-dsym";
				ENABLE_NS_ASSERTIONS = NO;
				ENABLE_STRICT_OBJC_MSGSEND = YES;
				GCC_C_LANGUAGE_STANDARD = gnu11;
				GCC_NO_COMMON_BLOCKS = YES;
				GCC_WARN_64_TO_32_BIT_CONVERSION = YES;
				GCC_WARN_ABOUT_RETURN_TYPE = YES_ERROR;
				GCC_WARN_UNDECLARED_SELECTOR = YES;
				GCC_WARN_UNINITIALIZED_AUTOS = YES_AGGRESSIVE;
				GCC_WARN_UNUSED_FUNCTION = YES;
				GCC_WARN_UNUSED_VARIABLE = YES;
				IPHONEOS_DEPLOYMENT_TARGET = 13.4;
				MTL_ENABLE_DEBUG_INFO = NO;
				MTL_FAST_MATH = YES;
				SDKROOT = iphoneos;
				SWIFT_COMPILATION_MODE = wholemodule;
				SWIFT_OPTIMIZATION_LEVEL = "-O";
				VALIDATE_PRODUCT = YES;
			};
			name = Release;
		};
		77FD7C4D2457AE8400AFB429 /* Debug */ = {
			isa = XCBuildConfiguration;
			buildSettings = {
				ASSETCATALOG_COMPILER_APPICON_NAME = AppIcon;
				CODE_SIGN_STYLE = Automatic;
				DEVELOPMENT_ASSET_PATHS = "\"CustomHaptics/Preview Content\"";
				DEVELOPMENT_TEAM = B2Q3T3P8HP;
				ENABLE_PREVIEWS = YES;
				INFOPLIST_FILE = CustomHaptics/Info.plist;
				LD_RUNPATH_SEARCH_PATHS = (
					"$(inherited)",
					"@executable_path/Frameworks",
				);
				PRODUCT_BUNDLE_IDENTIFIER = com.vishnuravi.CustomHaptics;
				PRODUCT_NAME = "$(TARGET_NAME)";
				SWIFT_VERSION = 5.0;
				TARGETED_DEVICE_FAMILY = "1,2";
			};
			name = Debug;
		};
		77FD7C4E2457AE8400AFB429 /* Release */ = {
			isa = XCBuildConfiguration;
			buildSettings = {
				ASSETCATALOG_COMPILER_APPICON_NAME = AppIcon;
				CODE_SIGN_STYLE = Automatic;
				DEVELOPMENT_ASSET_PATHS = "\"CustomHaptics/Preview Content\"";
				DEVELOPMENT_TEAM = B2Q3T3P8HP;
				ENABLE_PREVIEWS = YES;
				INFOPLIST_FILE = CustomHaptics/Info.plist;
				LD_RUNPATH_SEARCH_PATHS = (
					"$(inherited)",
					"@executable_path/Frameworks",
				);
				PRODUCT_BUNDLE_IDENTIFIER = com.vishnuravi.CustomHaptics;
				PRODUCT_NAME = "$(TARGET_NAME)";
				SWIFT_VERSION = 5.0;
				TARGETED_DEVICE_FAMILY = "1,2";
			};
			name = Release;
		};
/* End XCBuildConfiguration section */

/* Begin XCConfigurationList section */
		77FD7C332457AE8200AFB429 /* Build configuration list for PBXProject "CustomHaptics" */ = {
			isa = XCConfigurationList;
			buildConfigurations = (
				77FD7C4A2457AE8400AFB429 /* Debug */,
				77FD7C4B2457AE8400AFB429 /* Release */,
			);
			defaultConfigurationIsVisible = 0;
			defaultConfigurationName = Release;
		};
		77FD7C4C2457AE8400AFB429 /* Build configuration list for PBXNativeTarget "CustomHaptics" */ = {
			isa = XCConfigurationList;
			buildConfigurations = (
				77FD7C4D2457AE8400AFB429 /* Debug */,
				77FD7C4E2457AE8400AFB429 /* Release */,
			);
			defaultConfigurationIsVisible = 0;
			defaultConfigurationName = Release;
		};
/* End XCConfigurationList section */
	};
	rootObject = 77FD7C302457AE8200AFB429 /* Project object */;
}
